
Microsoft Visual Studio Solution File, Format Version 12.00
# Visual Studio Version 17
VisualStudioVersion = 17.8.34511.84
MinimumVisualStudioVersion = 10.0.40219.1
Project("{9A19103F-16F7-4668-BE54-9A1E7A4F7556}") = "LR 2", "LR 2\LR 2.csproj", "{DC67867B-B03E-4421-B1AE-1519FD30163A}"
EndProject
Project("{9A19103F-16F7-4668-BE54-9A1E7A4F7556}") = "LR 3", "LR 3\LR 3.csproj", "{8ADE0BAC-CD62-4C69-92B1-05089ED13D40}"
	ProjectSection(ProjectDependencies) = postProject
		{DC67867B-B03E-4421-B1AE-1519FD30163A} = {DC67867B-B03E-4421-B1AE-1519FD30163A}
	EndProjectSection
EndProject
Project("{9A19103F-16F7-4668-BE54-9A1E7A4F7556}") = "LR 1", "LR 1\LR 1.csproj", "{55652D41-02AE-4051-9F97-6366599C175A}"
EndProject
Project("{9A19103F-16F7-4668-BE54-9A1E7A4F7556}") = "LR 4", "LR 4\LR 4.csproj", "{3BFF5692-9CF4-4CDC-AF7F-9B5A929E659E}"
EndProject
Project("{9A19103F-16F7-4668-BE54-9A1E7A4F7556}") = "LR 5", "LR 5\LR 5.csproj", "{8449D47D-6D9F-4A66-9709-C76F336EA7FF}"
EndProject
Project("{9A19103F-16F7-4668-BE54-9A1E7A4F7556}") = "LR 6", "LR 6\LR 6.csproj", "{91CC91E2-5D40-42F8-8EF9-DAC56D6B4835}"
EndProject
Project("{8BC9CEB8-8B4A-11D0-8D11-00A0C91BC942}") = "LR 6 C++", "LR 6 C++\LR 6 C++.vcxproj", "{C43DC6DA-BA3A-4DAB-B696-B741FC913170}"
EndProject
Global
	GlobalSection(SolutionConfigurationPlatforms) = preSolution
		Debug|Any CPU = Debug|Any CPU
		Debug|x64 = Debug|x64
		Debug|x86 = Debug|x86
		Release|Any CPU = Release|Any CPU
		Release|x64 = Release|x64
		Release|x86 = Release|x86
	EndGlobalSection
	GlobalSection(ProjectConfigurationPlatforms) = postSolution
		{DC67867B-B03E-4421-B1AE-1519FD30163A}.Debug|Any CPU.ActiveCfg = Debug|Any CPU
		{DC67867B-B03E-4421-B1AE-1519FD30163A}.Debug|Any CPU.Build.0 = Debug|Any CPU
		{DC67867B-B03E-4421-B1AE-1519FD30163A}.Debug|x64.ActiveCfg = Debug|Any CPU
		{DC67867B-B03E-4421-B1AE-1519FD30163A}.Debug|x64.Build.0 = Debug|Any CPU
		{DC67867B-B03E-4421-B1AE-1519FD30163A}.Debug|x86.ActiveCfg = Debug|Any CPU
		{DC67867B-B03E-4421-B1AE-1519FD30163A}.Debug|x86.Build.0 = Debug|Any CPU
		{DC67867B-B03E-4421-B1AE-1519FD30163A}.Release|Any CPU.ActiveCfg = Release|Any CPU
		{DC67867B-B03E-4421-B1AE-1519FD30163A}.Release|Any CPU.Build.0 = Release|Any CPU
		{DC67867B-B03E-4421-B1AE-1519FD30163A}.Release|x64.ActiveCfg = Release|Any CPU
		{DC67867B-B03E-4421-B1AE-1519FD30163A}.Release|x64.Build.0 = Release|Any CPU
		{DC67867B-B03E-4421-B1AE-1519FD30163A}.Release|x86.ActiveCfg = Release|Any CPU
		{DC67867B-B03E-4421-B1AE-1519FD30163A}.Release|x86.Build.0 = Release|Any CPU
		{8ADE0BAC-CD62-4C69-92B1-05089ED13D40}.Debug|Any CPU.ActiveCfg = Debug|Any CPU
		{8ADE0BAC-CD62-4C69-92B1-05089ED13D40}.Debug|Any CPU.Build.0 = Debug|Any CPU
		{8ADE0BAC-CD62-4C69-92B1-05089ED13D40}.Debug|x64.ActiveCfg = Debug|Any CPU
		{8ADE0BAC-CD62-4C69-92B1-05089ED13D40}.Debug|x64.Build.0 = Debug|Any CPU
		{8ADE0BAC-CD62-4C69-92B1-05089ED13D40}.Debug|x86.ActiveCfg = Debug|Any CPU
		{8ADE0BAC-CD62-4C69-92B1-05089ED13D40}.Debug|x86.Build.0 = Debug|Any CPU
		{8ADE0BAC-CD62-4C69-92B1-05089ED13D40}.Release|Any CPU.ActiveCfg = Release|Any CPU
		{8ADE0BAC-CD62-4C69-92B1-05089ED13D40}.Release|Any CPU.Build.0 = Release|Any CPU
		{8ADE0BAC-CD62-4C69-92B1-05089ED13D40}.Release|x64.ActiveCfg = Release|Any CPU
		{8ADE0BAC-CD62-4C69-92B1-05089ED13D40}.Release|x64.Build.0 = Release|Any CPU
		{8ADE0BAC-CD62-4C69-92B1-05089ED13D40}.Release|x86.ActiveCfg = Release|Any CPU
		{8ADE0BAC-CD62-4C69-92B1-05089ED13D40}.Release|x86.Build.0 = Release|Any CPU
		{55652D41-02AE-4051-9F97-6366599C175A}.Debug|Any CPU.ActiveCfg = Debug|Any CPU
		{55652D41-02AE-4051-9F97-6366599C175A}.Debug|Any CPU.Build.0 = Debug|Any CPU
		{55652D41-02AE-4051-9F97-6366599C175A}.Debug|x64.ActiveCfg = Debug|Any CPU
		{55652D41-02AE-4051-9F97-6366599C175A}.Debug|x64.Build.0 = Debug|Any CPU
		{55652D41-02AE-4051-9F97-6366599C175A}.Debug|x86.ActiveCfg = Debug|Any CPU
		{55652D41-02AE-4051-9F97-6366599C175A}.Debug|x86.Build.0 = Debug|Any CPU
		{55652D41-02AE-4051-9F97-6366599C175A}.Release|Any CPU.ActiveCfg = Release|Any CPU
		{55652D41-02AE-4051-9F97-6366599C175A}.Release|Any CPU.Build.0 = Release|Any CPU
		{55652D41-02AE-4051-9F97-6366599C175A}.Release|x64.ActiveCfg = Release|Any CPU
		{55652D41-02AE-4051-9F97-6366599C175A}.Release|x64.Build.0 = Release|Any CPU
		{55652D41-02AE-4051-9F97-6366599C175A}.Release|x86.ActiveCfg = Release|Any CPU
		{55652D41-02AE-4051-9F97-6366599C175A}.Release|x86.Build.0 = Release|Any CPU
		{3BFF5692-9CF4-4CDC-AF7F-9B5A929E659E}.Debug|Any CPU.ActiveCfg = Debug|Any CPU
		{3BFF5692-9CF4-4CDC-AF7F-9B5A929E659E}.Debug|Any CPU.Build.0 = Debug|Any CPU
		{3BFF5692-9CF4-4CDC-AF7F-9B5A929E659E}.Debug|x64.ActiveCfg = Debug|Any CPU
		{3BFF5692-9CF4-4CDC-AF7F-9B5A929E659E}.Debug|x64.Build.0 = Debug|Any CPU
		{3BFF5692-9CF4-4CDC-AF7F-9B5A929E659E}.Debug|x86.ActiveCfg = Debug|Any CPU
		{3BFF5692-9CF4-4CDC-AF7F-9B5A929E659E}.Debug|x86.Build.0 = Debug|Any CPU
		{3BFF5692-9CF4-4CDC-AF7F-9B5A929E659E}.Release|Any CPU.ActiveCfg = Release|Any CPU
		{3BFF5692-9CF4-4CDC-AF7F-9B5A929E659E}.Release|Any CPU.Build.0 = Release|Any CPU
		{3BFF5692-9CF4-4CDC-AF7F-9B5A929E659E}.Release|x64.ActiveCfg = Release|Any CPU
		{3BFF5692-9CF4-4CDC-AF7F-9B5A929E659E}.Release|x64.Build.0 = Release|Any CPU
		{3BFF5692-9CF4-4CDC-AF7F-9B5A929E659E}.Release|x86.ActiveCfg = Release|Any CPU
		{3BFF5692-9CF4-4CDC-AF7F-9B5A929E659E}.Release|x86.Build.0 = Release|Any CPU
		{8449D47D-6D9F-4A66-9709-C76F336EA7FF}.Debug|Any CPU.ActiveCfg = Debug|Any CPU
		{8449D47D-6D9F-4A66-9709-C76F336EA7FF}.Debug|Any CPU.Build.0 = Debug|Any CPU
		{8449D47D-6D9F-4A66-9709-C76F336EA7FF}.Debug|x64.ActiveCfg = Debug|Any CPU
		{8449D47D-6D9F-4A66-9709-C76F336EA7FF}.Debug|x64.Build.0 = Debug|Any CPU
		{8449D47D-6D9F-4A66-9709-C76F336EA7FF}.Debug|x86.ActiveCfg = Debug|Any CPU
		{8449D47D-6D9F-4A66-9709-C76F336EA7FF}.Debug|x86.Build.0 = Debug|Any CPU
		{8449D47D-6D9F-4A66-9709-C76F336EA7FF}.Release|Any CPU.ActiveCfg = Release|Any CPU
		{8449D47D-6D9F-4A66-9709-C76F336EA7FF}.Release|Any CPU.Build.0 = Release|Any CPU
		{8449D47D-6D9F-4A66-9709-C76F336EA7FF}.Release|x64.ActiveCfg = Release|Any CPU
		{8449D47D-6D9F-4A66-9709-C76F336EA7FF}.Release|x64.Build.0 = Release|Any CPU
		{8449D47D-6D9F-4A66-9709-C76F336EA7FF}.Release|x86.ActiveCfg = Release|Any CPU
		{8449D47D-6D9F-4A66-9709-C76F336EA7FF}.Release|x86.Build.0 = Release|Any CPU
		{91CC91E2-5D40-42F8-8EF9-DAC56D6B4835}.Debug|Any CPU.ActiveCfg = Debug|Any CPU
		{91CC91E2-5D40-42F8-8EF9-DAC56D6B4835}.Debug|Any CPU.Build.0 = Debug|Any CPU
		{91CC91E2-5D40-42F8-8EF9-DAC56D6B4835}.Debug|x64.ActiveCfg = Debug|Any CPU
		{91CC91E2-5D40-42F8-8EF9-DAC56D6B4835}.Debug|x64.Build.0 = Debug|Any CPU
		{91CC91E2-5D40-42F8-8EF9-DAC56D6B4835}.Debug|x86.ActiveCfg = Debug|Any CPU
		{91CC91E2-5D40-42F8-8EF9-DAC56D6B4835}.Debug|x86.Build.0 = Debug|Any CPU
		{91CC91E2-5D40-42F8-8EF9-DAC56D6B4835}.Release|Any CPU.ActiveCfg = Release|Any CPU
		{91CC91E2-5D40-42F8-8EF9-DAC56D6B4835}.Release|Any CPU.Build.0 = Release|Any CPU
		{91CC91E2-5D40-42F8-8EF9-DAC56D6B4835}.Release|x64.ActiveCfg = Release|Any CPU
		{91CC91E2-5D40-42F8-8EF9-DAC56D6B4835}.Release|x64.Build.0 = Release|Any CPU
		{91CC91E2-5D40-42F8-8EF9-DAC56D6B4835}.Release|x86.ActiveCfg = Release|Any CPU
		{91CC91E2-5D40-42F8-8EF9-DAC56D6B4835}.Release|x86.Build.0 = Release|Any CPU
		{C43DC6DA-BA3A-4DAB-B696-B741FC913170}.Debug|Any CPU.ActiveCfg = Debug|x64
		{C43DC6DA-BA3A-4DAB-B696-B741FC913170}.Debug|Any CPU.Build.0 = Debug|x64
		{C43DC6DA-BA3A-4DAB-B696-B741FC913170}.Debug|x64.ActiveCfg = Debug|x64
		{C43DC6DA-BA3A-4DAB-B696-B741FC913170}.Debug|x64.Build.0 = Debug|x64
		{C43DC6DA-BA3A-4DAB-B696-B741FC913170}.Debug|x86.ActiveCfg = Debug|Win32
		{C43DC6DA-BA3A-4DAB-B696-B741FC913170}.Debug|x86.Build.0 = Debug|Win32
		{C43DC6DA-BA3A-4DAB-B696-B741FC913170}.Release|Any CPU.ActiveCfg = Release|x64
		{C43DC6DA-BA3A-4DAB-B696-B741FC913170}.Release|Any CPU.Build.0 = Release|x64
		{C43DC6DA-BA3A-4DAB-B696-B741FC913170}.Release|x64.ActiveCfg = Release|x64
		{C43DC6DA-BA3A-4DAB-B696-B741FC913170}.Release|x64.Build.0 = Release|x64
		{C43DC6DA-BA3A-4DAB-B696-B741FC913170}.Release|x86.ActiveCfg = Release|Win32
		{C43DC6DA-BA3A-4DAB-B696-B741FC913170}.Release|x86.Build.0 = Release|Win32
	EndGlobalSection
	GlobalSection(SolutionProperties) = preSolution
		HideSolutionNode = FALSE
	EndGlobalSection
	GlobalSection(ExtensibilityGlobals) = postSolution
		SolutionGuid = {4E04BDA9-1863-48C7-B6A5-709577A27091}
	EndGlobalSection
EndGlobal
